// !$*UTF8*$!
{
	archiveVersion = 1;
	classes = {
	};
	objectVersion = 46;
	objects = {

/* Begin PBXBuildFile section */
		C43B03701D242C8700CDD43F /* AppDelegate.swift in Sources */ = {isa = PBXBuildFile; fileRef = C43B036F1D242C8700CDD43F /* AppDelegate.swift */; };
		C43B03721D242C8700CDD43F /* ViewController.swift in Sources */ = {isa = PBXBuildFile; fileRef = C43B03711D242C8700CDD43F /* ViewController.swift */; };
		C43B03751D242C8700CDD43F /* Main.storyboard in Resources */ = {isa = PBXBuildFile; fileRef = C43B03731D242C8700CDD43F /* Main.storyboard */; };
		C43B03771D242C8700CDD43F /* Assets.xcassets in Resources */ = {isa = PBXBuildFile; fileRef = C43B03761D242C8700CDD43F /* Assets.xcassets */; };
		C43B037A1D242C8700CDD43F /* LaunchScreen.storyboard in Resources */ = {isa = PBXBuildFile; fileRef = C43B03781D242C8700CDD43F /* LaunchScreen.storyboard */; };
		C43B03821D242DB500CDD43F /* QuestionsViewController.swift in Sources */ = {isa = PBXBuildFile; fileRef = C43B03811D242DB500CDD43F /* QuestionsViewController.swift */; };
		C43B03841D242E5E00CDD43F /* PhotoViewController.swift in Sources */ = {isa = PBXBuildFile; fileRef = C43B03831D242E5E00CDD43F /* PhotoViewController.swift */; };
		C47C67571D26D79E00894AFA /* ResponseViewController.swift in Sources */ = {isa = PBXBuildFile; fileRef = C47C67561D26D79E00894AFA /* ResponseViewController.swift */; };
		C4CAB9F61D25267C00B2A224 /* SocketConnection.swift in Sources */ = {isa = PBXBuildFile; fileRef = C4CAB9F51D25267C00B2A224 /* SocketConnection.swift */; };
/* End PBXBuildFile section */

/* Begin PBXCopyFilesBuildPhase section */
		C4CAB9F31D251CE700B2A224 /* CopyFiles */ = {
			isa = PBXCopyFilesBuildPhase;
			buildActionMask = 2147483647;
			dstPath = "";
			dstSubfolderSpec = 10;
			files = (
			);
			runOnlyForDeploymentPostprocessing = 0;
		};
/* End PBXCopyFilesBuildPhase section */

/* Begin PBXFileReference section */
		C43B036C1D242C8700CDD43F /* EasyBill.app */ = {isa = PBXFileReference; explicitFileType = wrapper.application; includeInIndex = 0; path = EasyBill.app; sourceTree = BUILT_PRODUCTS_DIR; };
		C43B036F1D242C8700CDD43F /* AppDelegate.swift */ = {isa = PBXFileReference; lastKnownFileType = sourcecode.swift; path = AppDelegate.swift; sourceTree = "<group>"; };
		C43B03711D242C8700CDD43F /* ViewController.swift */ = {isa = PBXFileReference; lastKnownFileType = sourcecode.swift; path = ViewController.swift; sourceTree = "<group>"; };
		C43B03741D242C8700CDD43F /* Base */ = {isa = PBXFileReference; lastKnownFileType = file.storyboard; name = Base; path = Base.lproj/Main.storyboard; sourceTree = "<group>"; };
		C43B03761D242C8700CDD43F /* Assets.xcassets */ = {isa = PBXFileReference; lastKnownFileType = folder.assetcatalog; path = Assets.xcassets; sourceTree = "<group>"; };
		C43B03791D242C8700CDD43F /* Base */ = {isa = PBXFileReference; lastKnownFileType = file.storyboard; name = Base; path = Base.lproj/LaunchScreen.storyboard; sourceTree = "<group>"; };
		C43B037B1D242C8700CDD43F /* Info.plist */ = {isa = PBXFileReference; lastKnownFileType = text.plist.xml; path = Info.plist; sourceTree = "<group>"; };
		C43B03811D242DB500CDD43F /* QuestionsViewController.swift */ = {isa = PBXFileReference; fileEncoding = 4; lastKnownFileType = sourcecode.swift; path = QuestionsViewController.swift; sourceTree = "<group>"; };
		C43B03831D242E5E00CDD43F /* PhotoViewController.swift */ = {isa = PBXFileReference; fileEncoding = 4; lastKnownFileType = sourcecode.swift; path = PhotoViewController.swift; sourceTree = "<group>"; };
		C47C67561D26D79E00894AFA /* ResponseViewController.swift */ = {isa = PBXFileReference; fileEncoding = 4; lastKnownFileType = sourcecode.swift; path = ResponseViewController.swift; sourceTree = "<group>"; };
		C47F66CB1D9070FB002A7766 /* fr */ = {isa = PBXFileReference; lastKnownFileType = text.plist.strings; name = fr; path = fr.lproj/Main.strings; sourceTree = "<group>"; };
		C47F66CC1D9070FB002A7766 /* fr */ = {isa = PBXFileReference; lastKnownFileType = text.plist.strings; name = fr; path = fr.lproj/LaunchScreen.strings; sourceTree = "<group>"; };
		C4CAB9F51D25267C00B2A224 /* SocketConnection.swift */ = {isa = PBXFileReference; fileEncoding = 4; lastKnownFileType = sourcecode.swift; path = SocketConnection.swift; sourceTree = "<group>"; };
/* End PBXFileReference section */

/* Begin PBXFrameworksBuildPhase section */
		C43B03691D242C8700CDD43F /* Frameworks */ = {
			isa = PBXFrameworksBuildPhase;
			buildActionMask = 2147483647;
			files = (
			);
			runOnlyForDeploymentPostprocessing = 0;
		};
/* End PBXFrameworksBuildPhase section */

/* Begin PBXGroup section */
		C43B03631D242C8700CDD43F = {
			isa = PBXGroup;
			children = (
				C43B036E1D242C8700CDD43F /* EasyBill */,
				C43B036D1D242C8700CDD43F /* Products */,
			);
			sourceTree = "<group>";
		};
		C43B036D1D242C8700CDD43F /* Products */ = {
			isa = PBXGroup;
			children = (
				C43B036C1D242C8700CDD43F /* EasyBill.app */,
			);
			name = Products;
			sourceTree = "<group>";
		};
		C43B036E1D242C8700CDD43F /* EasyBill */ = {
			isa = PBXGroup;
			children = (
				C47C67561D26D79E00894AFA /* ResponseViewController.swift */,
				C43B036F1D242C8700CDD43F /* AppDelegate.swift */,
				C43B03711D242C8700CDD43F /* ViewController.swift */,
				C4CAB9F51D25267C00B2A224 /* SocketConnection.swift */,
				C43B03731D242C8700CDD43F /* Main.storyboard */,
				C43B03831D242E5E00CDD43F /* PhotoViewController.swift */,
				C43B03811D242DB500CDD43F /* QuestionsViewController.swift */,
				C43B03761D242C8700CDD43F /* Assets.xcassets */,
				C43B03781D242C8700CDD43F /* LaunchScreen.storyboard */,
				C43B037B1D242C8700CDD43F /* Info.plist */,
			);
			path = EasyBill;
			sourceTree = "<group>";
		};
/* End PBXGroup section */

/* Begin PBXNativeTarget section */
		C43B036B1D242C8700CDD43F /* EasyBill */ = {
			isa = PBXNativeTarget;
			buildConfigurationList = C43B037E1D242C8700CDD43F /* Build configuration list for PBXNativeTarget "EasyBill" */;
			buildPhases = (
				C43B03681D242C8700CDD43F /* Sources */,
				C43B03691D242C8700CDD43F /* Frameworks */,
				C43B036A1D242C8700CDD43F /* Resources */,
				C4CAB9F31D251CE700B2A224 /* CopyFiles */,
			);
			buildRules = (
			);
			dependencies = (
			);
			name = EasyBill;
			productName = EasyBill;
			productReference = C43B036C1D242C8700CDD43F /* EasyBill.app */;
			productType = "com.apple.product-type.application";
		};
/* End PBXNativeTarget section */

/* Begin PBXProject section */
		C43B03641D242C8700CDD43F /* Project object */ = {
			isa = PBXProject;
			attributes = {
				LastSwiftUpdateCheck = 0730;
				LastUpgradeCheck = 0800;
				ORGANIZATIONNAME = "Jacques LORENTZ";
				TargetAttributes = {
					C43B036B1D242C8700CDD43F = {
						CreatedOnToolsVersion = 7.3.1;
						DevelopmentTeam = 5S63222JT6;
						LastSwiftMigration = 0800;
					};
				};
			};
			buildConfigurationList = C43B03671D242C8700CDD43F /* Build configuration list for PBXProject "EasyBill" */;
			compatibilityVersion = "Xcode 3.2";
			developmentRegion = English;
			hasScannedForEncodings = 0;
			knownRegions = (
				en,
				Base,
			);
			mainGroup = C43B03631D242C8700CDD43F;
			productRefGroup = C43B036D1D242C8700CDD43F /* Products */;
			projectDirPath = "";
			projectRoot = "";
			targets = (
				C43B036B1D242C8700CDD43F /* EasyBill */,
			);
		};
/* End PBXProject section */

/* Begin PBXResourcesBuildPhase section */
		C43B036A1D242C8700CDD43F /* Resources */ = {
			isa = PBXResourcesBuildPhase;
			buildActionMask = 2147483647;
			files = (
				C43B037A1D242C8700CDD43F /* LaunchScreen.storyboard in Resources */,
				C43B03771D242C8700CDD43F /* Assets.xcassets in Resources */,
				C43B03751D242C8700CDD43F /* Main.storyboard in Resources */,
			);
			runOnlyForDeploymentPostprocessing = 0;
		};
/* End PBXResourcesBuildPhase section */

/* Begin PBXSourcesBuildPhase section */
		C43B03681D242C8700CDD43F /* Sources */ = {
			isa = PBXSourcesBuildPhase;
			buildActionMask = 2147483647;
			files = (
				C43B03721D242C8700CDD43F /* ViewController.swift in Sources */,
				C47C67571D26D79E00894AFA /* ResponseViewController.swift in Sources */,
				C43B03841D242E5E00CDD43F /* PhotoViewController.swift in Sources */,
				C43B03701D242C8700CDD43F /* AppDelegate.swift in Sources */,
				C43B03821D242DB500CDD43F /* QuestionsViewController.swift in Sources */,
				C4CAB9F61D25267C00B2A224 /* SocketConnection.swift in Sources */,
			);
			runOnlyForDeploymentPostprocessing = 0;
		};
/* End PBXSourcesBuildPhase section */

/* Begin PBXVariantGroup section */
		C43B03731D242C8700CDD43F /* Main.storyboard */ = {
			isa = PBXVariantGroup;
			children = (
				C43B03741D242C8700CDD43F /* Base */,
				C47F66CB1D9070FB002A7766 /* fr */,
			);
			name = Main.storyboard;
			sourceTree = "<group>";
		};
		C43B03781D242C8700CDD43F /* LaunchScreen.storyboard */ = {
			isa = PBXVariantGroup;
			children = (
				C43B03791D242C8700CDD43F /* Base */,
				C47F66CC1D9070FB002A7766 /* fr */,
			);
			name = LaunchScreen.storyboard;
			sourceTree = "<group>";
		};
/* End PBXVariantGroup section */

/* Begin XCBuildConfiguration section */
		C43B037C1D242C8700CDD43F /* Debug */ = {
			isa = XCBuildConfiguration;
			buildSettings = {
				ALWAYS_SEARCH_USER_PATHS = NO;
				CLANG_ANALYZER_LOCALIZABILITY_NONLOCALIZED = YES;
				CLANG_ANALYZER_NONNULL = YES;
				CLANG_CXX_LANGUAGE_STANDARD = "gnu++0x";
				CLANG_CXX_LIBRARY = "libc++";
				CLANG_ENABLE_MODULES = YES;
				CLANG_ENABLE_OBJC_ARC = YES;
				CLANG_WARN_BOOL_CONVERSION = YES;
				CLANG_WARN_CONSTANT_CONVERSION = YES;
				CLANG_WARN_DIRECT_OBJC_ISA_USAGE = YES_ERROR;
				CLANG_WARN_EMPTY_BODY = YES;
				CLANG_WARN_ENUM_CONVERSION = YES;
				CLANG_WARN_INFINITE_RECURSION = YES;
				CLANG_WARN_INT_CONVERSION = YES;
				CLANG_WARN_OBJC_ROOT_CLASS = YES_ERROR;
				CLANG_WARN_SUSPICIOUS_MOVE = YES;
				CLANG_WARN_UNREACHABLE_CODE = YES;
				CLANG_WARN__DUPLICATE_METHOD_MATCH = YES;
				"CODE_SIGN_IDENTITY[sdk=iphoneos*]" = "iPhone Developer";
				COPY_PHASE_STRIP = NO;
				DEBUG_INFORMATION_FORMAT = dwarf;
				ENABLE_STRICT_OBJC_MSGSEND = YES;
				ENABLE_TESTABILITY = YES;
				GCC_C_LANGUAGE_STANDARD = gnu99;
				GCC_DYNAMIC_NO_PIC = NO;
				GCC_NO_COMMON_BLOCKS = YES;
				GCC_OPTIMIZATION_LEVEL = 0;
				GCC_PREPROCESSOR_DEFINITIONS = (
					"DEBUG=1",
					"$(inherited)",
				);
				GCC_WARN_64_TO_32_BIT_CONVERSION = YES;
				GCC_WARN_ABOUT_RETURN_TYPE = YES_ERROR;
				GCC_WARN_UNDECLARED_SELECTOR = YES;
				GCC_WARN_UNINITIALIZED_AUTOS = YES_AGGRESSIVE;
				GCC_WARN_UNUSED_FUNCTION = YES;
				GCC_WARN_UNUSED_VARIABLE = YES;
				IPHONEOS_DEPLOYMENT_TARGET = 9.3;
				MTL_ENABLE_DEBUG_INFO = YES;
				ONLY_ACTIVE_ARCH = YES;
				SDKROOT = iphoneos;
				SWIFT_OPTIMIZATION_LEVEL = "-Onone";
				TARGETED_DEVICE_FAMILY = "1,2";
			};
			name = Debug;
		};
		C43B037D1D242C8700CDD43F /* Release */ = {
			isa = XCBuildConfiguration;
			buildSettings = {
				ALWAYS_SEARCH_USER_PATHS = NO;
				CLANG_ANALYZER_LOCALIZABILITY_NONLOCALIZED = YES;
				CLANG_ANALYZER_NONNULL = YES;
				CLANG_CXX_LANGUAGE_STANDARD = "gnu++0x";
				CLANG_CXX_LIBRARY = "libc++";
				CLANG_ENABLE_MODULES = YES;
				CLANG_ENABLE_OBJC_ARC = YES;
				CLANG_WARN_BOOL_CONVERSION = YES;
				CLANG_WARN_CONSTANT_CONVERSION = YES;
				CLANG_WARN_DIRECT_OBJC_ISA_USAGE = YES_ERROR;
				CLANG_WARN_EMPTY_BODY = YES;
				CLANG_WARN_ENUM_CONVERSION = YES;
				CLANG_WARN_INFINITE_RECURSION = YES;
				CLANG_WARN_INT_CONVERSION = YES;
				CLANG_WARN_OBJC_ROOT_CLASS = YES_ERROR;
				CLANG_WARN_SUSPICIOUS_MOVE = YES;
				CLANG_WARN_UNREACHABLE_CODE = YES;
				CLANG_WARN__DUPLICATE_METHOD_MATCH = YES;
				"CODE_SIGN_IDENTITY[sdk=iphoneos*]" = "iPhone Developer";
				COPY_PHASE_STRIP = NO;
				DEBUG_INFORMATION_FORMAT = "dwarf-with-dsym";
				ENABLE_NS_ASSERTIONS = NO;
				ENABLE_STRICT_OBJC_MSGSEND = YES;
				GCC_C_LANGUAGE_STANDARD = gnu99;
				GCC_NO_COMMON_BLOCKS = YES;
				GCC_WARN_64_TO_32_BIT_CONVERSION = YES;
				GCC_WARN_ABOUT_RETURN_TYPE = YES_ERROR;
				GCC_WARN_UNDECLARED_SELECTOR = YES;
				GCC_WARN_UNINITIALIZED_AUTOS = YES_AGGRESSIVE;
				GCC_WARN_UNUSED_FUNCTION = YES;
				GCC_WARN_UNUSED_VARIABLE = YES;
				IPHONEOS_DEPLOYMENT_TARGET = 9.3;
				MTL_ENABLE_DEBUG_INFO = NO;
				SDKROOT = iphoneos;
				SWIFT_OPTIMIZATION_LEVEL = "-Owholemodule";
				TARGETED_DEVICE_FAMILY = "1,2";
				VALIDATE_PRODUCT = YES;
			};
			name = Release;
		};
		C43B037F1D242C8700CDD43F /* Debug */ = {
			isa = XCBuildConfiguration;
			buildSettings = {
				ASSETCATALOG_COMPILER_APPICON_NAME = AppIcon;
				CODE_SIGN_IDENTITY = "iPhone Developer";
				"CODE_SIGN_IDENTITY[sdk=iphoneos*]" = "iPhone Developer";
				DEFINES_MODULE = YES;
				INFOPLIST_FILE = EasyBill/Info.plist;
				LD_RUNPATH_SEARCH_PATHS = "$(inherited) @executable_path/Frameworks";
				PRODUCT_BUNDLE_IDENTIFIER = com.jacqueslorentz.EasyBill;
				PRODUCT_NAME = "$(TARGET_NAME)";
				PROVISIONING_PROFILE = "";
				SWIFT_OBJC_BRIDGING_HEADER = "";
				SWIFT_VERSION = 3.0;
			};
			name = Debug;
		};
		C43B03801D242C8700CDD43F /* Release */ = {
			isa = XCBuildConfiguration;
			buildSettings = {
				ASSETCATALOG_COMPILER_APPICON_NAME = AppIcon;
				CODE_SIGN_IDENTITY = "iPhone Developer";
				"CODE_SIGN_IDENTITY[sdk=iphoneos*]" = "iPhone Developer";
				DEFINES_MODULE = YES;
				INFOPLIST_FILE = EasyBill/Info.plist;
				LD_RUNPATH_SEARCH_PATHS = "$(inherited) @executable_path/Frameworks";
				PRODUCT_BUNDLE_IDENTIFIER = com.jacqueslorentz.EasyBill;
				PRODUCT_NAME = "$(TARGET_NAME)";
				PROVISIONING_PROFILE = "";
				SWIFT_OBJC_BRIDGING_HEADER = "";
				SWIFT_VERSION = 3.0;
			};
			name = Release;
		};
/* End XCBuildConfiguration section */

/* Begin XCConfigurationList section */
		C43B03671D242C8700CDD43F /* Build configuration list for PBXProject "EasyBill" */ = {
			isa = XCConfigurationList;
			buildConfigurations = (
				C43B037C1D242C8700CDD43F /* Debug */,
				C43B037D1D242C8700CDD43F /* Release */,
			);
			defaultConfigurationIsVisible = 0;
			defaultConfigurationName = Release;
		};
		C43B037E1D242C8700CDD43F /* Build configuration list for PBXNativeTarget "EasyBill" */ = {
			isa = XCConfigurationList;
			buildConfigurations = (
				C43B037F1D242C8700CDD43F /* Debug */,
				C43B03801D242C8700CDD43F /* Release */,
			);
			defaultConfigurationIsVisible = 0;
			defaultConfigurationName = Release;
		};
/* End XCConfigurationList section */
	};
	rootObject = C43B03641D242C8700CDD43F /* Project object */;
}
